
Microsoft Visual Studio Solution File, Format Version 12.00
# Visual Studio 15
VisualStudioVersion = 15.0.28307.271
MinimumVisualStudioVersion = 10.0.40219.1
Project("{FAE04EC0-301F-11D3-BF4B-00C04F79EFBC}") = "ChatApplication", "TestingTemplate\ChatApplication.csproj", "{C6F1DA04-618A-4D28-8ABC-E90E926A0455}"
EndProject
Project("{FAE04EC0-301F-11D3-BF4B-00C04F79EFBC}") = "UnitTestProject1", "UnitTestProject1\UnitTestProject1.csproj", "{212CDA59-0DC8-4AAE-8C11-2E5EABD0C8D6}"
EndProject
Global
	GlobalSection(SolutionConfigurationPlatforms) = preSolution
		Debug|Any CPU = Debug|Any CPU
		Release|Any CPU = Release|Any CPU
	EndGlobalSection
	GlobalSection(ProjectConfigurationPlatforms) = postSolution
		{C6F1DA04-618A-4D28-8ABC-E90E926A0455}.Debug|Any CPU.ActiveCfg = Debug|Any CPU
		{C6F1DA04-618A-4D28-8ABC-E90E926A0455}.Debug|Any CPU.Build.0 = Debug|Any CPU
		{C6F1DA04-618A-4D28-8ABC-E90E926A0455}.Release|Any CPU.ActiveCfg = Release|Any CPU
		{C6F1DA04-618A-4D28-8ABC-E90E926A0455}.Release|Any CPU.Build.0 = Release|Any CPU
		{212CDA59-0DC8-4AAE-8C11-2E5EABD0C8D6}.Debug|Any CPU.ActiveCfg = Debug|Any CPU
		{212CDA59-0DC8-4AAE-8C11-2E5EABD0C8D6}.Debug|Any CPU.Build.0 = Debug|Any CPU
		{212CDA59-0DC8-4AAE-8C11-2E5EABD0C8D6}.Release|Any CPU.ActiveCfg = Release|Any CPU
		{212CDA59-0DC8-4AAE-8C11-2E5EABD0C8D6}.Release|Any CPU.Build.0 = Release|Any CPU
	EndGlobalSection
	GlobalSection(SolutionProperties) = preSolution
		HideSolutionNode = FALSE
	EndGlobalSection
	GlobalSection(ExtensibilityGlobals) = postSolution
		SolutionGuid = {26776FD7-0231-44AC-910D-87F6B4C934CE}
	EndGlobalSection
EndGlobal
